
Microsoft Visual Studio Solution File, Format Version 12.00
# Visual Studio Version 17
VisualStudioVersion = 17.5.33502.453
MinimumVisualStudioVersion = 10.0.40219.1
Project("{FAE04EC0-301F-11D3-BF4B-00C04F79EFBC}") = "Billing_App", "Billing_App.csproj", "{9268F65D-4AEB-484F-88D1-179787B98D7F}"
EndProject
Global
	GlobalSection(SolutionConfigurationPlatforms) = preSolution
		Debug|Any CPU = Debug|Any CPU
		Release|Any CPU = Release|Any CPU
	EndGlobalSection
	GlobalSection(ProjectConfigurationPlatforms) = postSolution
		{9268F65D-4AEB-484F-88D1-179787B98D7F}.Debug|Any CPU.ActiveCfg = Debug|Any CPU
		{9268F65D-4AEB-484F-88D1-179787B98D7F}.Debug|Any CPU.Build.0 = Debug|Any CPU
		{9268F65D-4AEB-484F-88D1-179787B98D7F}.Release|Any CPU.ActiveCfg = Release|Any CPU
		{9268F65D-4AEB-484F-88D1-179787B98D7F}.Release|Any CPU.Build.0 = Release|Any CPU
	EndGlobalSection
	GlobalSection(SolutionProperties) = preSolution
		HideSolutionNode = FALSE
	EndGlobalSection
	GlobalSection(ExtensibilityGlobals) = postSolution
		SolutionGuid = {90C9BF52-6326-4CD4-B7A5-6AFC74DEBD5F}
	EndGlobalSection
EndGlobal
